# THIS IS AN AUTOGENERATED FILE. DO NOT EDIT THIS FILE DIRECTLY.
# yarn lockfile v1


"dayjs@^1.11.2":
  "integrity" "sha512-F4LXf1OeU9hrSYRPTTj/6FbO4HTjPKXvEIC1P2kcnFurViINCVk3ZV0xAS3XVx9MkMsXbbqlK6hjseaYbgKEHw=="
  "resolved" "https://registry.npmjs.org/dayjs/-/dayjs-1.11.2.tgz"
  "version" "1.11.2"

"index.js@file:../../../../../usr/local/lib/node_modules/index.js":
  "resolved" "file:../../../../../usr/local/lib/node_modules/index.js"
  "version" "0.0.3"
